// !$*UTF8*$!
{
	archiveVersion = 1;
	classes = {
	};
	objectVersion = 55;
	objects = {

/* Begin PBXBuildFile section */
		322AB2EA2834A1E200F74DE3 /* TicketsApp.swift in Sources */ = {isa = PBXBuildFile; fileRef = 322AB2E92834A1E200F74DE3 /* TicketsApp.swift */; };
		322AB2EE2834A1E300F74DE3 /* Assets.xcassets in Resources */ = {isa = PBXBuildFile; fileRef = 322AB2ED2834A1E300F74DE3 /* Assets.xcassets */; };
		322AB2F12834A1E300F74DE3 /* Preview Assets.xcassets in Resources */ = {isa = PBXBuildFile; fileRef = 322AB2F02834A1E300F74DE3 /* Preview Assets.xcassets */; };
		322AB2F82834A5D900F74DE3 /* GoogleService-Info.plist in Resources */ = {isa = PBXBuildFile; fileRef = 322AB2F72834A5D900F74DE3 /* GoogleService-Info.plist */; };
		322AB2FB2834A7B700F74DE3 /* FirebaseAnalytics in Frameworks */ = {isa = PBXBuildFile; productRef = 322AB2FA2834A7B700F74DE3 /* FirebaseAnalytics */; };
		322AB2FD2834A7B700F74DE3 /* FirebaseAuth in Frameworks */ = {isa = PBXBuildFile; productRef = 322AB2FC2834A7B700F74DE3 /* FirebaseAuth */; };
		322AB2FF2834A7B700F74DE3 /* FirebaseAuthCombine-Community in Frameworks */ = {isa = PBXBuildFile; productRef = 322AB2FE2834A7B700F74DE3 /* FirebaseAuthCombine-Community */; };
		322AB3012834A7B700F74DE3 /* FirebaseDatabase in Frameworks */ = {isa = PBXBuildFile; productRef = 322AB3002834A7B700F74DE3 /* FirebaseDatabase */; };
		322AB3032834A7B700F74DE3 /* FirebaseDatabaseSwift in Frameworks */ = {isa = PBXBuildFile; productRef = 322AB3022834A7B700F74DE3 /* FirebaseDatabaseSwift */; };
		322AB3052834A7B700F74DE3 /* FirebaseFirestore in Frameworks */ = {isa = PBXBuildFile; productRef = 322AB3042834A7B700F74DE3 /* FirebaseFirestore */; };
		322AB3072834A7B700F74DE3 /* FirebaseFirestoreCombine-Community in Frameworks */ = {isa = PBXBuildFile; productRef = 322AB3062834A7B700F74DE3 /* FirebaseFirestoreCombine-Community */; };
		3257EBD22836FEF600263D79 /* EditProjectView.swift in Sources */ = {isa = PBXBuildFile; fileRef = 3257EBD12836FEF600263D79 /* EditProjectView.swift */; };
		3257EBD428370A1A00263D79 /* ProjectItem.swift in Sources */ = {isa = PBXBuildFile; fileRef = 3257EBD328370A1A00263D79 /* ProjectItem.swift */; };
		3257EBD62837195500263D79 /* ProjectDetail.swift in Sources */ = {isa = PBXBuildFile; fileRef = 3257EBD52837195500263D79 /* ProjectDetail.swift */; };
		3257EBD92837250C00263D79 /* ThemePicker.swift in Sources */ = {isa = PBXBuildFile; fileRef = 3257EBD82837250C00263D79 /* ThemePicker.swift */; };
		3257EBDB2837254B00263D79 /* Theme.swift in Sources */ = {isa = PBXBuildFile; fileRef = 3257EBDA2837254B00263D79 /* Theme.swift */; };
		3257EBDD2837256A00263D79 /* ThemeView.swift in Sources */ = {isa = PBXBuildFile; fileRef = 3257EBDC2837256A00263D79 /* ThemeView.swift */; };
		32662F4D283867A800F52B6A /* Ticket.swift in Sources */ = {isa = PBXBuildFile; fileRef = 32662F4C283867A800F52B6A /* Ticket.swift */; };
		3266CB3D2835DC430033E09C /* ProjectsListView.swift in Sources */ = {isa = PBXBuildFile; fileRef = 3266CB3C2835DC430033E09C /* ProjectsListView.swift */; };
		3274E7842834D15100386C8C /* LoginView.swift in Sources */ = {isa = PBXBuildFile; fileRef = 3274E7832834D15100386C8C /* LoginView.swift */; };
		3274E78B2834E0FA00386C8C /* ProjectStore.swift in Sources */ = {isa = PBXBuildFile; fileRef = 3274E78A2834E0FA00386C8C /* ProjectStore.swift */; };
		32805F652835AB3700C389EB /* SignupView.swift in Sources */ = {isa = PBXBuildFile; fileRef = 32805F642835AB3700C389EB /* SignupView.swift */; };
		32805F672835D2C300C389EB /* User.swift in Sources */ = {isa = PBXBuildFile; fileRef = 32805F662835D2C300C389EB /* User.swift */; };
		32B1011E2835FF19003BDC8C /* ProfileHeader.swift in Sources */ = {isa = PBXBuildFile; fileRef = 32B1011D2835FF19003BDC8C /* ProfileHeader.swift */; };
		32B10120283602AE003BDC8C /* SettingsView.swift in Sources */ = {isa = PBXBuildFile; fileRef = 32B1011F283602AE003BDC8C /* SettingsView.swift */; };
		32D8A74E2834BB6500FAB0DC /* Project.swift in Sources */ = {isa = PBXBuildFile; fileRef = 32D8A74D2834BB6500FAB0DC /* Project.swift */; };
/* End PBXBuildFile section */

/* Begin PBXFileReference section */
		322AB2E62834A1E200F74DE3 /* Tickets.app */ = {isa = PBXFileReference; explicitFileType = wrapper.application; includeInIndex = 0; path = Tickets.app; sourceTree = BUILT_PRODUCTS_DIR; };
		322AB2E92834A1E200F74DE3 /* TicketsApp.swift */ = {isa = PBXFileReference; lastKnownFileType = sourcecode.swift; path = TicketsApp.swift; sourceTree = "<group>"; };
		322AB2ED2834A1E300F74DE3 /* Assets.xcassets */ = {isa = PBXFileReference; lastKnownFileType = folder.assetcatalog; path = Assets.xcassets; sourceTree = "<group>"; };
		322AB2F02834A1E300F74DE3 /* Preview Assets.xcassets */ = {isa = PBXFileReference; lastKnownFileType = folder.assetcatalog; path = "Preview Assets.xcassets"; sourceTree = "<group>"; };
		322AB2F72834A5D900F74DE3 /* GoogleService-Info.plist */ = {isa = PBXFileReference; fileEncoding = 4; lastKnownFileType = text.plist.xml; path = "GoogleService-Info.plist"; sourceTree = "<group>"; };
		3257EBD12836FEF600263D79 /* EditProjectView.swift */ = {isa = PBXFileReference; lastKnownFileType = sourcecode.swift; path = EditProjectView.swift; sourceTree = "<group>"; };
		3257EBD328370A1A00263D79 /* ProjectItem.swift */ = {isa = PBXFileReference; lastKnownFileType = sourcecode.swift; path = ProjectItem.swift; sourceTree = "<group>"; };
		3257EBD52837195500263D79 /* ProjectDetail.swift */ = {isa = PBXFileReference; lastKnownFileType = sourcecode.swift; path = ProjectDetail.swift; sourceTree = "<group>"; };
		3257EBD82837250C00263D79 /* ThemePicker.swift */ = {isa = PBXFileReference; lastKnownFileType = sourcecode.swift; path = ThemePicker.swift; sourceTree = "<group>"; };
		3257EBDA2837254B00263D79 /* Theme.swift */ = {isa = PBXFileReference; lastKnownFileType = sourcecode.swift; path = Theme.swift; sourceTree = "<group>"; };
		3257EBDC2837256A00263D79 /* ThemeView.swift */ = {isa = PBXFileReference; lastKnownFileType = sourcecode.swift; path = ThemeView.swift; sourceTree = "<group>"; };
		32662F4C283867A800F52B6A /* Ticket.swift */ = {isa = PBXFileReference; lastKnownFileType = sourcecode.swift; path = Ticket.swift; sourceTree = "<group>"; };
		3266CB3C2835DC430033E09C /* ProjectsListView.swift */ = {isa = PBXFileReference; lastKnownFileType = sourcecode.swift; path = ProjectsListView.swift; sourceTree = "<group>"; };
		3274E7832834D15100386C8C /* LoginView.swift */ = {isa = PBXFileReference; lastKnownFileType = sourcecode.swift; path = LoginView.swift; sourceTree = "<group>"; };
		3274E78A2834E0FA00386C8C /* ProjectStore.swift */ = {isa = PBXFileReference; lastKnownFileType = sourcecode.swift; path = ProjectStore.swift; sourceTree = "<group>"; };
		32805F642835AB3700C389EB /* SignupView.swift */ = {isa = PBXFileReference; lastKnownFileType = sourcecode.swift; path = SignupView.swift; sourceTree = "<group>"; };
		32805F662835D2C300C389EB /* User.swift */ = {isa = PBXFileReference; lastKnownFileType = sourcecode.swift; path = User.swift; sourceTree = "<group>"; };
		32B1011D2835FF19003BDC8C /* ProfileHeader.swift */ = {isa = PBXFileReference; lastKnownFileType = sourcecode.swift; path = ProfileHeader.swift; sourceTree = "<group>"; };
		32B1011F283602AE003BDC8C /* SettingsView.swift */ = {isa = PBXFileReference; lastKnownFileType = sourcecode.swift; path = SettingsView.swift; sourceTree = "<group>"; };
		32D8A74D2834BB6500FAB0DC /* Project.swift */ = {isa = PBXFileReference; lastKnownFileType = sourcecode.swift; path = Project.swift; sourceTree = "<group>"; };
/* End PBXFileReference section */

/* Begin PBXFrameworksBuildPhase section */
		322AB2E32834A1E200F74DE3 /* Frameworks */ = {
			isa = PBXFrameworksBuildPhase;
			buildActionMask = 2147483647;
			files = (
				322AB3032834A7B700F74DE3 /* FirebaseDatabaseSwift in Frameworks */,
				322AB2FB2834A7B700F74DE3 /* FirebaseAnalytics in Frameworks */,
				322AB2FF2834A7B700F74DE3 /* FirebaseAuthCombine-Community in Frameworks */,
				322AB3012834A7B700F74DE3 /* FirebaseDatabase in Frameworks */,
				322AB2FD2834A7B700F74DE3 /* FirebaseAuth in Frameworks */,
				322AB3052834A7B700F74DE3 /* FirebaseFirestore in Frameworks */,
				322AB3072834A7B700F74DE3 /* FirebaseFirestoreCombine-Community in Frameworks */,
			);
			runOnlyForDeploymentPostprocessing = 0;
		};
/* End PBXFrameworksBuildPhase section */

/* Begin PBXGroup section */
		322AB2DD2834A1E200F74DE3 = {
			isa = PBXGroup;
			children = (
				322AB2E82834A1E200F74DE3 /* Tickets */,
				322AB2E72834A1E200F74DE3 /* Products */,
			);
			sourceTree = "<group>";
		};
		322AB2E72834A1E200F74DE3 /* Products */ = {
			isa = PBXGroup;
			children = (
				322AB2E62834A1E200F74DE3 /* Tickets.app */,
			);
			name = Products;
			sourceTree = "<group>";
		};
		322AB2E82834A1E200F74DE3 /* Tickets */ = {
			isa = PBXGroup;
			children = (
				322AB2E92834A1E200F74DE3 /* TicketsApp.swift */,
				3274E78A2834E0FA00386C8C /* ProjectStore.swift */,
				3274E7852834D16000386C8C /* Views */,
				32D8A74C2834BB1600FAB0DC /* Models */,
				322AB2ED2834A1E300F74DE3 /* Assets.xcassets */,
				322AB2F72834A5D900F74DE3 /* GoogleService-Info.plist */,
				322AB2EF2834A1E300F74DE3 /* Preview Content */,
			);
			path = Tickets;
			sourceTree = "<group>";
		};
		322AB2EF2834A1E300F74DE3 /* Preview Content */ = {
			isa = PBXGroup;
			children = (
				322AB2F02834A1E300F74DE3 /* Preview Assets.xcassets */,
			);
			path = "Preview Content";
			sourceTree = "<group>";
		};
		3274E7852834D16000386C8C /* Views */ = {
			isa = PBXGroup;
			children = (
				328294F628381F2C00CB088A /* Parts */,
				3274E7832834D15100386C8C /* LoginView.swift */,
				32805F642835AB3700C389EB /* SignupView.swift */,
				3266CB3C2835DC430033E09C /* ProjectsListView.swift */,
				3257EBD52837195500263D79 /* ProjectDetail.swift */,
				3257EBD12836FEF600263D79 /* EditProjectView.swift */,
				32B1011F283602AE003BDC8C /* SettingsView.swift */,
			);
			path = Views;
			sourceTree = "<group>";
		};
		328294F628381F2C00CB088A /* Parts */ = {
			isa = PBXGroup;
			children = (
				32B1011D2835FF19003BDC8C /* ProfileHeader.swift */,
				3257EBD328370A1A00263D79 /* ProjectItem.swift */,
				3257EBD82837250C00263D79 /* ThemePicker.swift */,
				3257EBDC2837256A00263D79 /* ThemeView.swift */,
				3257EBDA2837254B00263D79 /* Theme.swift */,
			);
			path = Parts;
			sourceTree = "<group>";
		};
		32D8A74C2834BB1600FAB0DC /* Models */ = {
			isa = PBXGroup;
			children = (
				32805F662835D2C300C389EB /* User.swift */,
				32D8A74D2834BB6500FAB0DC /* Project.swift */,
				32662F4C283867A800F52B6A /* Ticket.swift */,
			);
			path = Models;
			sourceTree = "<group>";
		};
/* End PBXGroup section */

/* Begin PBXNativeTarget section */
		322AB2E52834A1E200F74DE3 /* Tickets */ = {
			isa = PBXNativeTarget;
			buildConfigurationList = 322AB2F42834A1E300F74DE3 /* Build configuration list for PBXNativeTarget "Tickets" */;
			buildPhases = (
				322AB2E22834A1E200F74DE3 /* Sources */,
				322AB2E32834A1E200F74DE3 /* Frameworks */,
				322AB2E42834A1E200F74DE3 /* Resources */,
			);
			buildRules = (
			);
			dependencies = (
			);
			name = Tickets;
			packageProductDependencies = (
				322AB2FA2834A7B700F74DE3 /* FirebaseAnalytics */,
				322AB2FC2834A7B700F74DE3 /* FirebaseAuth */,
				322AB2FE2834A7B700F74DE3 /* FirebaseAuthCombine-Community */,
				322AB3002834A7B700F74DE3 /* FirebaseDatabase */,
				322AB3022834A7B700F74DE3 /* FirebaseDatabaseSwift */,
				322AB3042834A7B700F74DE3 /* FirebaseFirestore */,
				322AB3062834A7B700F74DE3 /* FirebaseFirestoreCombine-Community */,
			);
			productName = Tickets;
			productReference = 322AB2E62834A1E200F74DE3 /* Tickets.app */;
			productType = "com.apple.product-type.application";
		};
/* End PBXNativeTarget section */

/* Begin PBXProject section */
		322AB2DE2834A1E200F74DE3 /* Project object */ = {
			isa = PBXProject;
			attributes = {
				BuildIndependentTargetsInParallel = 1;
				LastSwiftUpdateCheck = 1330;
				LastUpgradeCheck = 1330;
				TargetAttributes = {
					322AB2E52834A1E200F74DE3 = {
						CreatedOnToolsVersion = 13.3.1;
					};
				};
			};
			buildConfigurationList = 322AB2E12834A1E200F74DE3 /* Build configuration list for PBXProject "Tickets" */;
			compatibilityVersion = "Xcode 13.0";
			developmentRegion = en;
			hasScannedForEncodings = 0;
			knownRegions = (
				en,
				Base,
			);
			mainGroup = 322AB2DD2834A1E200F74DE3;
			packageReferences = (
				322AB2F92834A7B700F74DE3 /* XCRemoteSwiftPackageReference "firebase-ios-sdk" */,
			);
			productRefGroup = 322AB2E72834A1E200F74DE3 /* Products */;
			projectDirPath = "";
			projectRoot = "";
			targets = (
				322AB2E52834A1E200F74DE3 /* Tickets */,
			);
		};
/* End PBXProject section */

/* Begin PBXResourcesBuildPhase section */
		322AB2E42834A1E200F74DE3 /* Resources */ = {
			isa = PBXResourcesBuildPhase;
			buildActionMask = 2147483647;
			files = (
				322AB2F12834A1E300F74DE3 /* Preview Assets.xcassets in Resources */,
				322AB2EE2834A1E300F74DE3 /* Assets.xcassets in Resources */,
				322AB2F82834A5D900F74DE3 /* GoogleService-Info.plist in Resources */,
			);
			runOnlyForDeploymentPostprocessing = 0;
		};
/* End PBXResourcesBuildPhase section */

/* Begin PBXSourcesBuildPhase section */
		322AB2E22834A1E200F74DE3 /* Sources */ = {
			isa = PBXSourcesBuildPhase;
			buildActionMask = 2147483647;
			files = (
				32B1011E2835FF19003BDC8C /* ProfileHeader.swift in Sources */,
				3274E7842834D15100386C8C /* LoginView.swift in Sources */,
				3274E78B2834E0FA00386C8C /* ProjectStore.swift in Sources */,
				32B10120283602AE003BDC8C /* SettingsView.swift in Sources */,
				32805F672835D2C300C389EB /* User.swift in Sources */,
				322AB2EA2834A1E200F74DE3 /* TicketsApp.swift in Sources */,
				3257EBD22836FEF600263D79 /* EditProjectView.swift in Sources */,
				32D8A74E2834BB6500FAB0DC /* Project.swift in Sources */,
				3257EBD62837195500263D79 /* ProjectDetail.swift in Sources */,
				3266CB3D2835DC430033E09C /* ProjectsListView.swift in Sources */,
				3257EBD92837250C00263D79 /* ThemePicker.swift in Sources */,
				32805F652835AB3700C389EB /* SignupView.swift in Sources */,
				3257EBD428370A1A00263D79 /* ProjectItem.swift in Sources */,
				32662F4D283867A800F52B6A /* Ticket.swift in Sources */,
				3257EBDD2837256A00263D79 /* ThemeView.swift in Sources */,
				3257EBDB2837254B00263D79 /* Theme.swift in Sources */,
			);
			runOnlyForDeploymentPostprocessing = 0;
		};
/* End PBXSourcesBuildPhase section */

/* Begin XCBuildConfiguration section */
		322AB2F22834A1E300F74DE3 /* Debug */ = {
			isa = XCBuildConfiguration;
			buildSettings = {
				ALWAYS_SEARCH_USER_PATHS = NO;
				CLANG_ANALYZER_NONNULL = YES;
				CLANG_ANALYZER_NUMBER_OBJECT_CONVERSION = YES_AGGRESSIVE;
				CLANG_CXX_LANGUAGE_STANDARD = "gnu++17";
				CLANG_ENABLE_MODULES = YES;
				CLANG_ENABLE_OBJC_ARC = YES;
				CLANG_ENABLE_OBJC_WEAK = YES;
				CLANG_WARN_BLOCK_CAPTURE_AUTORELEASING = YES;
				CLANG_WARN_BOOL_CONVERSION = YES;
				CLANG_WARN_COMMA = YES;
				CLANG_WARN_CONSTANT_CONVERSION = YES;
				CLANG_WARN_DEPRECATED_OBJC_IMPLEMENTATIONS = YES;
				CLANG_WARN_DIRECT_OBJC_ISA_USAGE = YES_ERROR;
				CLANG_WARN_DOCUMENTATION_COMMENTS = YES;
				CLANG_WARN_EMPTY_BODY = YES;
				CLANG_WARN_ENUM_CONVERSION = YES;
				CLANG_WARN_INFINITE_RECURSION = YES;
				CLANG_WARN_INT_CONVERSION = YES;
				CLANG_WARN_NON_LITERAL_NULL_CONVERSION = YES;
				CLANG_WARN_OBJC_IMPLICIT_RETAIN_SELF = YES;
				CLANG_WARN_OBJC_LITERAL_CONVERSION = YES;
				CLANG_WARN_OBJC_ROOT_CLASS = YES_ERROR;
				CLANG_WARN_QUOTED_INCLUDE_IN_FRAMEWORK_HEADER = YES;
				CLANG_WARN_RANGE_LOOP_ANALYSIS = YES;
				CLANG_WARN_STRICT_PROTOTYPES = YES;
				CLANG_WARN_SUSPICIOUS_MOVE = YES;
				CLANG_WARN_UNGUARDED_AVAILABILITY = YES_AGGRESSIVE;
				CLANG_WARN_UNREACHABLE_CODE = YES;
				CLANG_WARN__DUPLICATE_METHOD_MATCH = YES;
				COPY_PHASE_STRIP = NO;
				DEBUG_INFORMATION_FORMAT = dwarf;
				ENABLE_STRICT_OBJC_MSGSEND = YES;
				ENABLE_TESTABILITY = YES;
				GCC_C_LANGUAGE_STANDARD = gnu11;
				GCC_DYNAMIC_NO_PIC = NO;
				GCC_NO_COMMON_BLOCKS = YES;
				GCC_OPTIMIZATION_LEVEL = 0;
				GCC_PREPROCESSOR_DEFINITIONS = (
					"DEBUG=1",
					"$(inherited)",
				);
				GCC_WARN_64_TO_32_BIT_CONVERSION = YES;
				GCC_WARN_ABOUT_RETURN_TYPE = YES_ERROR;
				GCC_WARN_UNDECLARED_SELECTOR = YES;
				GCC_WARN_UNINITIALIZED_AUTOS = YES_AGGRESSIVE;
				GCC_WARN_UNUSED_FUNCTION = YES;
				GCC_WARN_UNUSED_VARIABLE = YES;
				IPHONEOS_DEPLOYMENT_TARGET = 15.4;
				MTL_ENABLE_DEBUG_INFO = INCLUDE_SOURCE;
				MTL_FAST_MATH = YES;
				ONLY_ACTIVE_ARCH = YES;
				SDKROOT = iphoneos;
				SWIFT_ACTIVE_COMPILATION_CONDITIONS = DEBUG;
				SWIFT_OPTIMIZATION_LEVEL = "-Onone";
			};
			name = Debug;
		};
		322AB2F32834A1E300F74DE3 /* Release */ = {
			isa = XCBuildConfiguration;
			buildSettings = {
				ALWAYS_SEARCH_USER_PATHS = NO;
				CLANG_ANALYZER_NONNULL = YES;
				CLANG_ANALYZER_NUMBER_OBJECT_CONVERSION = YES_AGGRESSIVE;
				CLANG_CXX_LANGUAGE_STANDARD = "gnu++17";
				CLANG_ENABLE_MODULES = YES;
				CLANG_ENABLE_OBJC_ARC = YES;
				CLANG_ENABLE_OBJC_WEAK = YES;
				CLANG_WARN_BLOCK_CAPTURE_AUTORELEASING = YES;
				CLANG_WARN_BOOL_CONVERSION = YES;
				CLANG_WARN_COMMA = YES;
				CLANG_WARN_CONSTANT_CONVERSION = YES;
				CLANG_WARN_DEPRECATED_OBJC_IMPLEMENTATIONS = YES;
				CLANG_WARN_DIRECT_OBJC_ISA_USAGE = YES_ERROR;
				CLANG_WARN_DOCUMENTATION_COMMENTS = YES;
				CLANG_WARN_EMPTY_BODY = YES;
				CLANG_WARN_ENUM_CONVERSION = YES;
				CLANG_WARN_INFINITE_RECURSION = YES;
				CLANG_WARN_INT_CONVERSION = YES;
				CLANG_WARN_NON_LITERAL_NULL_CONVERSION = YES;
				CLANG_WARN_OBJC_IMPLICIT_RETAIN_SELF = YES;
				CLANG_WARN_OBJC_LITERAL_CONVERSION = YES;
				CLANG_WARN_OBJC_ROOT_CLASS = YES_ERROR;
				CLANG_WARN_QUOTED_INCLUDE_IN_FRAMEWORK_HEADER = YES;
				CLANG_WARN_RANGE_LOOP_ANALYSIS = YES;
				CLANG_WARN_STRICT_PROTOTYPES = YES;
				CLANG_WARN_SUSPICIOUS_MOVE = YES;
				CLANG_WARN_UNGUARDED_AVAILABILITY = YES_AGGRESSIVE;
				CLANG_WARN_UNREACHABLE_CODE = YES;
				CLANG_WARN__DUPLICATE_METHOD_MATCH = YES;
				COPY_PHASE_STRIP = NO;
				DEBUG_INFORMATION_FORMAT = "dwarf-with-dsym";
				ENABLE_NS_ASSERTIONS = NO;
				ENABLE_STRICT_OBJC_MSGSEND = YES;
				GCC_C_LANGUAGE_STANDARD = gnu11;
				GCC_NO_COMMON_BLOCKS = YES;
				GCC_WARN_64_TO_32_BIT_CONVERSION = YES;
				GCC_WARN_ABOUT_RETURN_TYPE = YES_ERROR;
				GCC_WARN_UNDECLARED_SELECTOR = YES;
				GCC_WARN_UNINITIALIZED_AUTOS = YES_AGGRESSIVE;
				GCC_WARN_UNUSED_FUNCTION = YES;
				GCC_WARN_UNUSED_VARIABLE = YES;
				IPHONEOS_DEPLOYMENT_TARGET = 15.4;
				MTL_ENABLE_DEBUG_INFO = NO;
				MTL_FAST_MATH = YES;
				SDKROOT = iphoneos;
				SWIFT_COMPILATION_MODE = wholemodule;
				SWIFT_OPTIMIZATION_LEVEL = "-O";
				VALIDATE_PRODUCT = YES;
			};
			name = Release;
		};
		322AB2F52834A1E300F74DE3 /* Debug */ = {
			isa = XCBuildConfiguration;
			buildSettings = {
				ASSETCATALOG_COMPILER_APPICON_NAME = AppIcon;
				ASSETCATALOG_COMPILER_GLOBAL_ACCENT_COLOR_NAME = AccentColor;
				CODE_SIGN_STYLE = Automatic;
				CURRENT_PROJECT_VERSION = 1;
				DEVELOPMENT_ASSET_PATHS = "\"Tickets/Preview Content\"";
				ENABLE_PREVIEWS = YES;
				GENERATE_INFOPLIST_FILE = YES;
				INFOPLIST_KEY_UIApplicationSceneManifest_Generation = YES;
				INFOPLIST_KEY_UIApplicationSupportsIndirectInputEvents = YES;
				INFOPLIST_KEY_UILaunchScreen_Generation = YES;
				INFOPLIST_KEY_UISupportedInterfaceOrientations_iPad = "UIInterfaceOrientationPortrait UIInterfaceOrientationPortraitUpsideDown UIInterfaceOrientationLandscapeLeft UIInterfaceOrientationLandscapeRight";
				INFOPLIST_KEY_UISupportedInterfaceOrientations_iPhone = "UIInterfaceOrientationPortrait UIInterfaceOrientationLandscapeLeft UIInterfaceOrientationLandscapeRight";
				LD_RUNPATH_SEARCH_PATHS = (
					"$(inherited)",
					"@executable_path/Frameworks",
				);
				MARKETING_VERSION = 1.0;
				PRODUCT_BUNDLE_IDENTIFIER = "com.example.apple-samplecode.Tickets";
				PRODUCT_NAME = "$(TARGET_NAME)";
				SWIFT_EMIT_LOC_STRINGS = YES;
				SWIFT_VERSION = 5.0;
				TARGETED_DEVICE_FAMILY = "1,2";
			};
			name = Debug;
		};
		322AB2F62834A1E300F74DE3 /* Release */ = {
			isa = XCBuildConfiguration;
			buildSettings = {
				ASSETCATALOG_COMPILER_APPICON_NAME = AppIcon;
				ASSETCATALOG_COMPILER_GLOBAL_ACCENT_COLOR_NAME = AccentColor;
				CODE_SIGN_STYLE = Automatic;
				CURRENT_PROJECT_VERSION = 1;
				DEVELOPMENT_ASSET_PATHS = "\"Tickets/Preview Content\"";
				ENABLE_PREVIEWS = YES;
				GENERATE_INFOPLIST_FILE = YES;
				INFOPLIST_KEY_UIApplicationSceneManifest_Generation = YES;
				INFOPLIST_KEY_UIApplicationSupportsIndirectInputEvents = YES;
				INFOPLIST_KEY_UILaunchScreen_Generation = YES;
				INFOPLIST_KEY_UISupportedInterfaceOrientations_iPad = "UIInterfaceOrientationPortrait UIInterfaceOrientationPortraitUpsideDown UIInterfaceOrientationLandscapeLeft UIInterfaceOrientationLandscapeRight";
				INFOPLIST_KEY_UISupportedInterfaceOrientations_iPhone = "UIInterfaceOrientationPortrait UIInterfaceOrientationLandscapeLeft UIInterfaceOrientationLandscapeRight";
				LD_RUNPATH_SEARCH_PATHS = (
					"$(inherited)",
					"@executable_path/Frameworks",
				);
				MARKETING_VERSION = 1.0;
				PRODUCT_BUNDLE_IDENTIFIER = "com.example.apple-samplecode.Tickets";
				PRODUCT_NAME = "$(TARGET_NAME)";
				SWIFT_EMIT_LOC_STRINGS = YES;
				SWIFT_VERSION = 5.0;
				TARGETED_DEVICE_FAMILY = "1,2";
			};
			name = Release;
		};
/* End XCBuildConfiguration section */

/* Begin XCConfigurationList section */
		322AB2E12834A1E200F74DE3 /* Build configuration list for PBXProject "Tickets" */ = {
			isa = XCConfigurationList;
			buildConfigurations = (
				322AB2F22834A1E300F74DE3 /* Debug */,
				322AB2F32834A1E300F74DE3 /* Release */,
			);
			defaultConfigurationIsVisible = 0;
			defaultConfigurationName = Release;
		};
		322AB2F42834A1E300F74DE3 /* Build configuration list for PBXNativeTarget "Tickets" */ = {
			isa = XCConfigurationList;
			buildConfigurations = (
				322AB2F52834A1E300F74DE3 /* Debug */,
				322AB2F62834A1E300F74DE3 /* Release */,
			);
			defaultConfigurationIsVisible = 0;
			defaultConfigurationName = Release;
		};
/* End XCConfigurationList section */

/* Begin XCRemoteSwiftPackageReference section */
		322AB2F92834A7B700F74DE3 /* XCRemoteSwiftPackageReference "firebase-ios-sdk" */ = {
			isa = XCRemoteSwiftPackageReference;
			repositoryURL = "https://github.com/firebase/firebase-ios-sdk";
			requirement = {
				kind = upToNextMajorVersion;
				minimumVersion = 9.0.0;
			};
		};
/* End XCRemoteSwiftPackageReference section */

/* Begin XCSwiftPackageProductDependency section */
		322AB2FA2834A7B700F74DE3 /* FirebaseAnalytics */ = {
			isa = XCSwiftPackageProductDependency;
			package = 322AB2F92834A7B700F74DE3 /* XCRemoteSwiftPackageReference "firebase-ios-sdk" */;
			productName = FirebaseAnalytics;
		};
		322AB2FC2834A7B700F74DE3 /* FirebaseAuth */ = {
			isa = XCSwiftPackageProductDependency;
			package = 322AB2F92834A7B700F74DE3 /* XCRemoteSwiftPackageReference "firebase-ios-sdk" */;
			productName = FirebaseAuth;
		};
		322AB2FE2834A7B700F74DE3 /* FirebaseAuthCombine-Community */ = {
			isa = XCSwiftPackageProductDependency;
			package = 322AB2F92834A7B700F74DE3 /* XCRemoteSwiftPackageReference "firebase-ios-sdk" */;
			productName = "FirebaseAuthCombine-Community";
		};
		322AB3002834A7B700F74DE3 /* FirebaseDatabase */ = {
			isa = XCSwiftPackageProductDependency;
			package = 322AB2F92834A7B700F74DE3 /* XCRemoteSwiftPackageReference "firebase-ios-sdk" */;
			productName = FirebaseDatabase;
		};
		322AB3022834A7B700F74DE3 /* FirebaseDatabaseSwift */ = {
			isa = XCSwiftPackageProductDependency;
			package = 322AB2F92834A7B700F74DE3 /* XCRemoteSwiftPackageReference "firebase-ios-sdk" */;
			productName = FirebaseDatabaseSwift;
		};
		322AB3042834A7B700F74DE3 /* FirebaseFirestore */ = {
			isa = XCSwiftPackageProductDependency;
			package = 322AB2F92834A7B700F74DE3 /* XCRemoteSwiftPackageReference "firebase-ios-sdk" */;
			productName = FirebaseFirestore;
		};
		322AB3062834A7B700F74DE3 /* FirebaseFirestoreCombine-Community */ = {
			isa = XCSwiftPackageProductDependency;
			package = 322AB2F92834A7B700F74DE3 /* XCRemoteSwiftPackageReference "firebase-ios-sdk" */;
			productName = "FirebaseFirestoreCombine-Community";
		};
/* End XCSwiftPackageProductDependency section */
	};
	rootObject = 322AB2DE2834A1E200F74DE3 /* Project object */;
}
